
Microsoft Visual Studio Solution File, Format Version 12.00
# Visual Studio Version 16
VisualStudioVersion = 16.0.32106.194
MinimumVisualStudioVersion = 10.0.40219.1
Project("{FAE04EC0-301F-11D3-BF4B-00C04F79EFBC}") = "GetChangesTest", "GetChangesTest.csproj", "{A681D450-D109-45E7-BC68-1A4B83C3492E}"
EndProject
Global
	GlobalSection(SolutionConfigurationPlatforms) = preSolution
		Debug|Any CPU = Debug|Any CPU
		Release|Any CPU = Release|Any CPU
	EndGlobalSection
	GlobalSection(ProjectConfigurationPlatforms) = postSolution
		{A681D450-D109-45E7-BC68-1A4B83C3492E}.Debug|Any CPU.ActiveCfg = Debug|Any CPU
		{A681D450-D109-45E7-BC68-1A4B83C3492E}.Debug|Any CPU.Build.0 = Debug|Any CPU
		{A681D450-D109-45E7-BC68-1A4B83C3492E}.Release|Any CPU.ActiveCfg = Release|Any CPU
		{A681D450-D109-45E7-BC68-1A4B83C3492E}.Release|Any CPU.Build.0 = Release|Any CPU
	EndGlobalSection
	GlobalSection(SolutionProperties) = preSolution
		HideSolutionNode = FALSE
	EndGlobalSection
	GlobalSection(ExtensibilityGlobals) = postSolution
		SolutionGuid = {87EFDE09-FCC9-4186-97E0-EBC2280D9D3E}
	EndGlobalSection
EndGlobal
