
Microsoft Visual Studio Solution File, Format Version 12.00
# Visual Studio Version 16
VisualStudioVersion = 16.0.32106.194
MinimumVisualStudioVersion = 10.0.40219.1
Project("{2150E333-8FDC-42A3-9474-1A3956D46DE8}") = "Game", "Game", "{AF16FDBE-264A-46EA-A5FF-1DA84AF6B799}"
EndProject
Project("{FAE04EC0-301F-11D3-BF4B-00C04F79EFBC}") = "EchoClient", "EchoClient\EchoClient.csproj", "{9BC3FD61-A4DA-451C-BBDC-F5414ECF5A60}"
EndProject
Global
	GlobalSection(SolutionConfigurationPlatforms) = preSolution
		Debug|Any CPU = Debug|Any CPU
		Release|Any CPU = Release|Any CPU
	EndGlobalSection
	GlobalSection(ProjectConfigurationPlatforms) = postSolution
		{9BC3FD61-A4DA-451C-BBDC-F5414ECF5A60}.Debug|Any CPU.ActiveCfg = Debug|Any CPU
		{9BC3FD61-A4DA-451C-BBDC-F5414ECF5A60}.Debug|Any CPU.Build.0 = Debug|Any CPU
		{9BC3FD61-A4DA-451C-BBDC-F5414ECF5A60}.Release|Any CPU.ActiveCfg = Release|Any CPU
		{9BC3FD61-A4DA-451C-BBDC-F5414ECF5A60}.Release|Any CPU.Build.0 = Release|Any CPU
	EndGlobalSection
	GlobalSection(SolutionProperties) = preSolution
		HideSolutionNode = FALSE
	EndGlobalSection
	GlobalSection(NestedProjects) = preSolution
		{9BC3FD61-A4DA-451C-BBDC-F5414ECF5A60} = {AF16FDBE-264A-46EA-A5FF-1DA84AF6B799}
	EndGlobalSection
	GlobalSection(ExtensibilityGlobals) = postSolution
		SolutionGuid = {C62061F2-2A47-45A8-857A-10075D12CF06}
	EndGlobalSection
EndGlobal
